
Microsoft Visual Studio Solution File, Format Version 12.00
# Visual Studio Version 16
VisualStudioVersion = 16.0.31424.327
MinimumVisualStudioVersion = 10.0.40219.1
Project("{FAE04EC0-301F-11D3-BF4B-00C04F79EFBC}") = "ConsolaHolaMundo", "ConsolaHolaMundo\ConsolaHolaMundo.csproj", "{BDDB55D2-12EF-494D-8BD9-1689B26699CA}"
EndProject
Project("{9A19103F-16F7-4668-BE54-9A1E7A4F7556}") = "ConsoleNetCore", "ConsoleNetCore\ConsoleNetCore.csproj", "{A388EAC0-B176-482A-9379-45A55231D61D}"
EndProject
Project("{9A19103F-16F7-4668-BE54-9A1E7A4F7556}") = "Exercise12", "Exercise12\Exercise12.csproj", "{46FCD739-BEE7-4EBA-8D94-C98D4DD105A3}"
EndProject
Project("{9A19103F-16F7-4668-BE54-9A1E7A4F7556}") = "Exercise12a", "Exercise12a\Exercise12a.csproj", "{FA7AC93F-5B14-4843-A43B-A15269E8AA32}"
EndProject
Project("{2150E333-8FDC-42A3-9474-1A3956D46DE8}") = "2.Exercises_Funtions_Methods", "2.Exercises_Funtions_Methods", "{BD2AAFAD-904C-41A3-9B5E-F2538601612A}"
EndProject
Project("{2150E333-8FDC-42A3-9474-1A3956D46DE8}") = "1.Exercises_Introduction", "1.Exercises_Introduction", "{FA2734C5-C04B-4FAF-9EF1-D088CC2EAF15}"
EndProject
Project("{9A19103F-16F7-4668-BE54-9A1E7A4F7556}") = "Exercise_6", "Exercise_6\Exercise_6.csproj", "{4754E51D-966B-45FF-8ECD-B28B18FC901E}"
EndProject
Project("{2150E333-8FDC-42A3-9474-1A3956D46DE8}") = "3.Exercises_Strings", "3.Exercises_Strings", "{2DCEE3D7-202D-4412-BA93-21E588D0FF48}"
EndProject
Project("{9A19103F-16F7-4668-BE54-9A1E7A4F7556}") = "Exercise2", "Exercise2\Exercise2.csproj", "{B69EC54C-0282-44B2-97AE-3B3DD0262FCE}"
EndProject
Project("{2150E333-8FDC-42A3-9474-1A3956D46DE8}") = "4.Collections", "4.Collections", "{B45A95B7-E993-433F-A87E-33F0C093005C}"
EndProject
Project("{FAE04EC0-301F-11D3-BF4B-00C04F79EFBC}") = "Exercise1", "Exercise1\Exercise1.csproj", "{E8F2471E-1F79-4104-B0C7-BD9E8BAFFCCB}"
EndProject
Global
	GlobalSection(SolutionConfigurationPlatforms) = preSolution
		Debug|Any CPU = Debug|Any CPU
		Release|Any CPU = Release|Any CPU
	EndGlobalSection
	GlobalSection(ProjectConfigurationPlatforms) = postSolution
		{BDDB55D2-12EF-494D-8BD9-1689B26699CA}.Debug|Any CPU.ActiveCfg = Debug|Any CPU
		{BDDB55D2-12EF-494D-8BD9-1689B26699CA}.Debug|Any CPU.Build.0 = Debug|Any CPU
		{BDDB55D2-12EF-494D-8BD9-1689B26699CA}.Release|Any CPU.ActiveCfg = Release|Any CPU
		{BDDB55D2-12EF-494D-8BD9-1689B26699CA}.Release|Any CPU.Build.0 = Release|Any CPU
		{A388EAC0-B176-482A-9379-45A55231D61D}.Debug|Any CPU.ActiveCfg = Debug|Any CPU
		{A388EAC0-B176-482A-9379-45A55231D61D}.Debug|Any CPU.Build.0 = Debug|Any CPU
		{A388EAC0-B176-482A-9379-45A55231D61D}.Release|Any CPU.ActiveCfg = Release|Any CPU
		{A388EAC0-B176-482A-9379-45A55231D61D}.Release|Any CPU.Build.0 = Release|Any CPU
		{46FCD739-BEE7-4EBA-8D94-C98D4DD105A3}.Debug|Any CPU.ActiveCfg = Debug|Any CPU
		{46FCD739-BEE7-4EBA-8D94-C98D4DD105A3}.Debug|Any CPU.Build.0 = Debug|Any CPU
		{46FCD739-BEE7-4EBA-8D94-C98D4DD105A3}.Release|Any CPU.ActiveCfg = Release|Any CPU
		{46FCD739-BEE7-4EBA-8D94-C98D4DD105A3}.Release|Any CPU.Build.0 = Release|Any CPU
		{FA7AC93F-5B14-4843-A43B-A15269E8AA32}.Debug|Any CPU.ActiveCfg = Debug|Any CPU
		{FA7AC93F-5B14-4843-A43B-A15269E8AA32}.Debug|Any CPU.Build.0 = Debug|Any CPU
		{FA7AC93F-5B14-4843-A43B-A15269E8AA32}.Release|Any CPU.ActiveCfg = Release|Any CPU
		{FA7AC93F-5B14-4843-A43B-A15269E8AA32}.Release|Any CPU.Build.0 = Release|Any CPU
		{4754E51D-966B-45FF-8ECD-B28B18FC901E}.Debug|Any CPU.ActiveCfg = Debug|Any CPU
		{4754E51D-966B-45FF-8ECD-B28B18FC901E}.Debug|Any CPU.Build.0 = Debug|Any CPU
		{4754E51D-966B-45FF-8ECD-B28B18FC901E}.Release|Any CPU.ActiveCfg = Release|Any CPU
		{4754E51D-966B-45FF-8ECD-B28B18FC901E}.Release|Any CPU.Build.0 = Release|Any CPU
		{B69EC54C-0282-44B2-97AE-3B3DD0262FCE}.Debug|Any CPU.ActiveCfg = Debug|Any CPU
		{B69EC54C-0282-44B2-97AE-3B3DD0262FCE}.Debug|Any CPU.Build.0 = Debug|Any CPU
		{B69EC54C-0282-44B2-97AE-3B3DD0262FCE}.Release|Any CPU.ActiveCfg = Release|Any CPU
		{B69EC54C-0282-44B2-97AE-3B3DD0262FCE}.Release|Any CPU.Build.0 = Release|Any CPU
		{E8F2471E-1F79-4104-B0C7-BD9E8BAFFCCB}.Debug|Any CPU.ActiveCfg = Debug|Any CPU
		{E8F2471E-1F79-4104-B0C7-BD9E8BAFFCCB}.Debug|Any CPU.Build.0 = Debug|Any CPU
		{E8F2471E-1F79-4104-B0C7-BD9E8BAFFCCB}.Release|Any CPU.ActiveCfg = Release|Any CPU
		{E8F2471E-1F79-4104-B0C7-BD9E8BAFFCCB}.Release|Any CPU.Build.0 = Release|Any CPU
	EndGlobalSection
	GlobalSection(SolutionProperties) = preSolution
		HideSolutionNode = FALSE
	EndGlobalSection
	GlobalSection(NestedProjects) = preSolution
		{BDDB55D2-12EF-494D-8BD9-1689B26699CA} = {FA2734C5-C04B-4FAF-9EF1-D088CC2EAF15}
		{A388EAC0-B176-482A-9379-45A55231D61D} = {FA2734C5-C04B-4FAF-9EF1-D088CC2EAF15}
		{46FCD739-BEE7-4EBA-8D94-C98D4DD105A3} = {FA2734C5-C04B-4FAF-9EF1-D088CC2EAF15}
		{FA7AC93F-5B14-4843-A43B-A15269E8AA32} = {FA2734C5-C04B-4FAF-9EF1-D088CC2EAF15}
		{4754E51D-966B-45FF-8ECD-B28B18FC901E} = {BD2AAFAD-904C-41A3-9B5E-F2538601612A}
		{B69EC54C-0282-44B2-97AE-3B3DD0262FCE} = {2DCEE3D7-202D-4412-BA93-21E588D0FF48}
		{E8F2471E-1F79-4104-B0C7-BD9E8BAFFCCB} = {B45A95B7-E993-433F-A87E-33F0C093005C}
	EndGlobalSection
	GlobalSection(ExtensibilityGlobals) = postSolution
		SolutionGuid = {F622E966-B6C9-4E1D-9CAD-45C18D556E98}
	EndGlobalSection
EndGlobal
